PODS:
  - Flutter (1.0.0)
  - flutter_midi (0.0.1):
    - Flutter
  - path_provider (0.0.1):
    - Flutter
  - "permission_handler (5.1.0+2)":
    - Flutter
  - pitchdetector (0.0.1):
    - Flutter

DEPENDENCIES:
  - Flutter (from `Flutter`)
  - flutter_midi (from `.symlinks/plugins/flutter_midi/ios`)
  - path_provider (from `.symlinks/plugins/path_provider/ios`)
  - permission_handler (from `.symlinks/plugins/permission_handler/ios`)
  - pitchdetector (from `.symlinks/plugins/pitchdetector/ios`)

EXTERNAL SOURCES:
  Flutter:
    :path: Flutter
  flutter_midi:
    :path: ".symlinks/plugins/flutter_midi/ios"
  path_provider:
    :path: ".symlinks/plugins/path_provider/ios"
  permission_handler:
    :path: ".symlinks/plugins/permission_handler/ios"
  pitchdetector:
    :path: ".symlinks/plugins/pitchdetector/ios"

SPEC CHECKSUMS:
  Flutter: 434fef37c0980e73bb6479ef766c45957d4b510c
  flutter_midi: 4fe7280cf156c668fe92445f384b1bc440473cdb
  path_provider: f96fff6166a8867510d2c25fdcc346327cc4b259
  permission_handler: ccb20a9fad0ee9b1314a52b70b76b473c5f8dab0
  pitchdetector: ca89af540a8dcc41299f4a54438f4e577f04010a

PODFILE CHECKSUM: aafe91acc616949ddb318b77800a7f51bffa2a4c

COCOAPODS: 1.10.1
